
Microsoft Visual Studio Solution File, Format Version 12.00
# Visual Studio Version 17
VisualStudioVersion = 17.4.33103.184
MinimumVisualStudioVersion = 10.0.40219.1
Project("{FAE04EC0-301F-11D3-BF4B-00C04F79EFBC}") = "BiographyWebApp", "BiographyWebApp\BiographyWebApp.csproj", "{62E9323A-0EA3-4F3B-85F6-89D8801A8906}"
EndProject
Global
	GlobalSection(SolutionConfigurationPlatforms) = preSolution
		Debug|Any CPU = Debug|Any CPU
		Release|Any CPU = Release|Any CPU
	EndGlobalSection
	GlobalSection(ProjectConfigurationPlatforms) = postSolution
		{62E9323A-0EA3-4F3B-85F6-89D8801A8906}.Debug|Any CPU.ActiveCfg = Debug|Any CPU
		{62E9323A-0EA3-4F3B-85F6-89D8801A8906}.Debug|Any CPU.Build.0 = Debug|Any CPU
		{62E9323A-0EA3-4F3B-85F6-89D8801A8906}.Release|Any CPU.ActiveCfg = Release|Any CPU
		{62E9323A-0EA3-4F3B-85F6-89D8801A8906}.Release|Any CPU.Build.0 = Release|Any CPU
	EndGlobalSection
	GlobalSection(SolutionProperties) = preSolution
		HideSolutionNode = FALSE
	EndGlobalSection
	GlobalSection(ExtensibilityGlobals) = postSolution
		SolutionGuid = {D42E357A-BB1D-429C-B4CC-772232F04984}
	EndGlobalSection
EndGlobal
